{
  "name": "test",
  "version": "1.0.0",
  "lockfileVersion": 1,
  "requires": true,
  "dependencies": {
    "jQuery": {
      "version": "1.7.4",
      "resolved": "https://registry.npmjs.org/jQuery/-/jQuery-1.7.4.tgz",
      "integrity": "sha1-8y3FyFpwRO6GS0RDue5F+UeLoTc="
    },
    "moment": {
      "version": "2.22.1",
      "resolved": "http://registry.npm.taobao.org/moment/download/moment-2.22.1.tgz"
    },
    "wavesurfer.js": {
      "version": "2.0.6",
      "resolved": "https://registry.npmjs.org/wavesurfer.js/-/wavesurfer.js-2.0.6.tgz",
      "integrity": "sha512-RniZoU7tzQ3r3ERG9lSXyudExy8hQx79pKv43n0ZNwIAF5hHeMuWNOnW6Q4N6u48Y1FQGTiw9y2GW+w17rYSDg=="
    }
  }
}
